
Microsoft Visual Studio Solution File, Format Version 12.00
# Visual Studio Version 17
VisualStudioVersion = 17.13.35825.156 d17.13
MinimumVisualStudioVersion = 10.0.40219.1
Project("{FAE04EC0-301F-11D3-BF4B-00C04F79EFBC}") = "HomeworkClass03", "HomeworkClass03\HomeworkClass03.csproj", "{97389EFA-DE54-4FFB-A5E9-2D1CE6B57857}"
EndProject
Global
	GlobalSection(SolutionConfigurationPlatforms) = preSolution
		Debug|Any CPU = Debug|Any CPU
		Release|Any CPU = Release|Any CPU
	EndGlobalSection
	GlobalSection(ProjectConfigurationPlatforms) = postSolution
		{97389EFA-DE54-4FFB-A5E9-2D1CE6B57857}.Debug|Any CPU.ActiveCfg = Debug|Any CPU
		{97389EFA-DE54-4FFB-A5E9-2D1CE6B57857}.Debug|Any CPU.Build.0 = Debug|Any CPU
		{97389EFA-DE54-4FFB-A5E9-2D1CE6B57857}.Release|Any CPU.ActiveCfg = Release|Any CPU
		{97389EFA-DE54-4FFB-A5E9-2D1CE6B57857}.Release|Any CPU.Build.0 = Release|Any CPU
	EndGlobalSection
	GlobalSection(SolutionProperties) = preSolution
		HideSolutionNode = FALSE
	EndGlobalSection
	GlobalSection(ExtensibilityGlobals) = postSolution
		SolutionGuid = {4892FA41-B807-4AD0-A7FD-2E11993BE0CC}
	EndGlobalSection
EndGlobal
